
Microsoft Visual Studio Solution File, Format Version 12.00
# Visual Studio Version 17
VisualStudioVersion = 17.5.002.0
MinimumVisualStudioVersion = 10.0.40219.1
Project("{9A19103F-16F7-4668-BE54-9A1E7A4F7556}") = "temp", "temp.csproj", "{EBEF940B-C39F-401A-8FFA-308E743DA4EF}"
EndProject
Global
	GlobalSection(SolutionConfigurationPlatforms) = preSolution
		Debug|Any CPU = Debug|Any CPU
		Release|Any CPU = Release|Any CPU
	EndGlobalSection
	GlobalSection(ProjectConfigurationPlatforms) = postSolution
		{EBEF940B-C39F-401A-8FFA-308E743DA4EF}.Debug|Any CPU.ActiveCfg = Debug|Any CPU
		{EBEF940B-C39F-401A-8FFA-308E743DA4EF}.Debug|Any CPU.Build.0 = Debug|Any CPU
		{EBEF940B-C39F-401A-8FFA-308E743DA4EF}.Release|Any CPU.ActiveCfg = Release|Any CPU
		{EBEF940B-C39F-401A-8FFA-308E743DA4EF}.Release|Any CPU.Build.0 = Release|Any CPU
	EndGlobalSection
	GlobalSection(SolutionProperties) = preSolution
		HideSolutionNode = FALSE
	EndGlobalSection
	GlobalSection(ExtensibilityGlobals) = postSolution
		SolutionGuid = {107F013B-50DF-4444-A686-EFD69FC25F50}
	EndGlobalSection
EndGlobal
